
Microsoft Visual Studio Solution File, Format Version 12.00
# Visual Studio Version 16
VisualStudioVersion = 16.0.32428.217
MinimumVisualStudioVersion = 10.0.40219.1
Project("{F184B08F-C81C-45F6-A57F-5ABD9991F28F}") = "myAzureAppCICD", "myAzureAppCICD.vbproj", "{FBC1ACC4-51B5-4E06-A98C-3C96A07C2252}"
EndProject
Global
	GlobalSection(SolutionConfigurationPlatforms) = preSolution
		Debug|Any CPU = Debug|Any CPU
		Release|Any CPU = Release|Any CPU
	EndGlobalSection
	GlobalSection(ProjectConfigurationPlatforms) = postSolution
		{FBC1ACC4-51B5-4E06-A98C-3C96A07C2252}.Debug|Any CPU.ActiveCfg = Debug|Any CPU
		{FBC1ACC4-51B5-4E06-A98C-3C96A07C2252}.Debug|Any CPU.Build.0 = Debug|Any CPU
		{FBC1ACC4-51B5-4E06-A98C-3C96A07C2252}.Release|Any CPU.ActiveCfg = Release|Any CPU
		{FBC1ACC4-51B5-4E06-A98C-3C96A07C2252}.Release|Any CPU.Build.0 = Release|Any CPU
	EndGlobalSection
	GlobalSection(SolutionProperties) = preSolution
		HideSolutionNode = FALSE
	EndGlobalSection
	GlobalSection(ExtensibilityGlobals) = postSolution
		SolutionGuid = {4261966C-1304-4330-B937-AFB5E77FEB57}
	EndGlobalSection
EndGlobal
